
Microsoft Visual Studio Solution File, Format Version 12.00
# Visual Studio 15
VisualStudioVersion = 15.0.27703.2026
MinimumVisualStudioVersion = 10.0.40219.1
Project("{FAE04EC0-301F-11D3-BF4B-00C04F79EFBC}") = "Anti-Sleep", "Anti-Sleep\Anti-Sleep.csproj", "{2BBB8AF1-6CAB-437A-910B-D444FE7C9BFF}"
EndProject
Global
	GlobalSection(SolutionConfigurationPlatforms) = preSolution
		Debug|Any CPU = Debug|Any CPU
		Release|Any CPU = Release|Any CPU
	EndGlobalSection
	GlobalSection(ProjectConfigurationPlatforms) = postSolution
		{2BBB8AF1-6CAB-437A-910B-D444FE7C9BFF}.Debug|Any CPU.ActiveCfg = Debug|Any CPU
		{2BBB8AF1-6CAB-437A-910B-D444FE7C9BFF}.Debug|Any CPU.Build.0 = Debug|Any CPU
		{2BBB8AF1-6CAB-437A-910B-D444FE7C9BFF}.Release|Any CPU.ActiveCfg = Release|Any CPU
		{2BBB8AF1-6CAB-437A-910B-D444FE7C9BFF}.Release|Any CPU.Build.0 = Release|Any CPU
	EndGlobalSection
	GlobalSection(SolutionProperties) = preSolution
		HideSolutionNode = FALSE
	EndGlobalSection
	GlobalSection(ExtensibilityGlobals) = postSolution
		SolutionGuid = {2F7DB23F-54A4-4204-850B-3A8B2932F4A1}
	EndGlobalSection
EndGlobal
